
Microsoft Visual Studio Solution File, Format Version 12.00
# Visual Studio 15
VisualStudioVersion = 15.0.27703.2035
MinimumVisualStudioVersion = 10.0.40219.1
Project("{FAE04EC0-301F-11D3-BF4B-00C04F79EFBC}") = "repasoProductos", "repasoProductos\repasoProductos.csproj", "{6BFF965D-F431-4C44-83ED-009FAE64FF24}"
EndProject
Global
	GlobalSection(SolutionConfigurationPlatforms) = preSolution
		Debug|Any CPU = Debug|Any CPU
		Release|Any CPU = Release|Any CPU
	EndGlobalSection
	GlobalSection(ProjectConfigurationPlatforms) = postSolution
		{6BFF965D-F431-4C44-83ED-009FAE64FF24}.Debug|Any CPU.ActiveCfg = Debug|Any CPU
		{6BFF965D-F431-4C44-83ED-009FAE64FF24}.Debug|Any CPU.Build.0 = Debug|Any CPU
		{6BFF965D-F431-4C44-83ED-009FAE64FF24}.Release|Any CPU.ActiveCfg = Release|Any CPU
		{6BFF965D-F431-4C44-83ED-009FAE64FF24}.Release|Any CPU.Build.0 = Release|Any CPU
	EndGlobalSection
	GlobalSection(SolutionProperties) = preSolution
		HideSolutionNode = FALSE
	EndGlobalSection
	GlobalSection(ExtensibilityGlobals) = postSolution
		SolutionGuid = {9EC8DFAD-EA2C-460F-845B-A918A1ED1204}
	EndGlobalSection
EndGlobal
