
Microsoft Visual Studio Solution File, Format Version 12.00
# Visual Studio 15
VisualStudioVersion = 15.0.27703.2035
MinimumVisualStudioVersion = 10.0.40219.1
Project("{FAE04EC0-301F-11D3-BF4B-00C04F79EFBC}") = "demoMVC", "demoMVC\demoMVC.csproj", "{78D6DAA2-C3CE-4A99-963E-6B317E6514B9}"
EndProject
Global
	GlobalSection(SolutionConfigurationPlatforms) = preSolution
		Debug|Any CPU = Debug|Any CPU
		Release|Any CPU = Release|Any CPU
	EndGlobalSection
	GlobalSection(ProjectConfigurationPlatforms) = postSolution
		{78D6DAA2-C3CE-4A99-963E-6B317E6514B9}.Debug|Any CPU.ActiveCfg = Debug|Any CPU
		{78D6DAA2-C3CE-4A99-963E-6B317E6514B9}.Debug|Any CPU.Build.0 = Debug|Any CPU
		{78D6DAA2-C3CE-4A99-963E-6B317E6514B9}.Release|Any CPU.ActiveCfg = Release|Any CPU
		{78D6DAA2-C3CE-4A99-963E-6B317E6514B9}.Release|Any CPU.Build.0 = Release|Any CPU
	EndGlobalSection
	GlobalSection(SolutionProperties) = preSolution
		HideSolutionNode = FALSE
	EndGlobalSection
	GlobalSection(ExtensibilityGlobals) = postSolution
		SolutionGuid = {FC9ED7A1-55FF-47AB-9DE3-F43F8BD8F8BC}
	EndGlobalSection
EndGlobal
